
Microsoft Visual Studio Solution File, Format Version 12.00
# Visual Studio Version 16
VisualStudioVersion = 16.0.30907.101
MinimumVisualStudioVersion = 10.0.40219.1
Project("{FAE04EC0-301F-11D3-BF4B-00C04F79EFBC}") = "Lab08-Collections", "Lab08-Collections\Lab08-Collections.csproj", "{301B7B11-5877-457D-87DF-495745358182}"
EndProject
Project("{FAE04EC0-301F-11D3-BF4B-00C04F79EFBC}") = "Lab08-Tests", "Lab08-Tests\Lab08-Tests.csproj", "{019A3FD0-2D25-4440-B469-98993A5C3740}"
EndProject
Global
	GlobalSection(SolutionConfigurationPlatforms) = preSolution
		Debug|Any CPU = Debug|Any CPU
		Release|Any CPU = Release|Any CPU
	EndGlobalSection
	GlobalSection(ProjectConfigurationPlatforms) = postSolution
		{301B7B11-5877-457D-87DF-495745358182}.Debug|Any CPU.ActiveCfg = Debug|Any CPU
		{301B7B11-5877-457D-87DF-495745358182}.Debug|Any CPU.Build.0 = Debug|Any CPU
		{301B7B11-5877-457D-87DF-495745358182}.Release|Any CPU.ActiveCfg = Release|Any CPU
		{301B7B11-5877-457D-87DF-495745358182}.Release|Any CPU.Build.0 = Release|Any CPU
		{019A3FD0-2D25-4440-B469-98993A5C3740}.Debug|Any CPU.ActiveCfg = Debug|Any CPU
		{019A3FD0-2D25-4440-B469-98993A5C3740}.Debug|Any CPU.Build.0 = Debug|Any CPU
		{019A3FD0-2D25-4440-B469-98993A5C3740}.Release|Any CPU.ActiveCfg = Release|Any CPU
		{019A3FD0-2D25-4440-B469-98993A5C3740}.Release|Any CPU.Build.0 = Release|Any CPU
	EndGlobalSection
	GlobalSection(SolutionProperties) = preSolution
		HideSolutionNode = FALSE
	EndGlobalSection
	GlobalSection(ExtensibilityGlobals) = postSolution
		SolutionGuid = {901C0767-6292-4A02-975D-2387AF047A67}
	EndGlobalSection
EndGlobal
